
Microsoft Visual Studio Solution File, Format Version 12.00
# Visual Studio 15
VisualStudioVersion = 15.0.27703.2042
MinimumVisualStudioVersion = 10.0.40219.1
Project("{FAE04EC0-301F-11D3-BF4B-00C04F79EFBC}") = "NumericalMathMethods", "NumericalMathMethods\NumericalMathMethods.csproj", "{D0202827-C0A3-4793-8DE7-9F154E0AE356}"
EndProject
Global
	GlobalSection(SolutionConfigurationPlatforms) = preSolution
		Debug|Any CPU = Debug|Any CPU
		Release|Any CPU = Release|Any CPU
	EndGlobalSection
	GlobalSection(ProjectConfigurationPlatforms) = postSolution
		{D0202827-C0A3-4793-8DE7-9F154E0AE356}.Debug|Any CPU.ActiveCfg = Debug|Any CPU
		{D0202827-C0A3-4793-8DE7-9F154E0AE356}.Debug|Any CPU.Build.0 = Debug|Any CPU
		{D0202827-C0A3-4793-8DE7-9F154E0AE356}.Release|Any CPU.ActiveCfg = Release|Any CPU
		{D0202827-C0A3-4793-8DE7-9F154E0AE356}.Release|Any CPU.Build.0 = Release|Any CPU
	EndGlobalSection
	GlobalSection(SolutionProperties) = preSolution
		HideSolutionNode = FALSE
	EndGlobalSection
	GlobalSection(ExtensibilityGlobals) = postSolution
		SolutionGuid = {BB02D8AE-FE72-49D1-866C-3B837CA1E74A}
	EndGlobalSection
EndGlobal
